// !$*UTF8*$!
{
	archiveVersion = 1;
	classes = {
	};
	objectVersion = 50;
	objects = {

/* Begin PBXBuildFile section */
		79294296227ECD6700193A50 /* AppDelegate.swift in Sources */ = {isa = PBXBuildFile; fileRef = 79294295227ECD6700193A50 /* AppDelegate.swift */; };
		79294298227ECD6700193A50 /* ViewController.swift in Sources */ = {isa = PBXBuildFile; fileRef = 79294297227ECD6700193A50 /* ViewController.swift */; };
		7929429B227ECD6700193A50 /* Main.storyboard in Resources */ = {isa = PBXBuildFile; fileRef = 79294299227ECD6700193A50 /* Main.storyboard */; };
		7929429D227ECD6900193A50 /* Assets.xcassets in Resources */ = {isa = PBXBuildFile; fileRef = 7929429C227ECD6900193A50 /* Assets.xcassets */; };
		792942A0227ECD6900193A50 /* LaunchScreen.storyboard in Resources */ = {isa = PBXBuildFile; fileRef = 7929429E227ECD6900193A50 /* LaunchScreen.storyboard */; };
		79EC32B3227EDAE900A7FBBD /* User.swift in Sources */ = {isa = PBXBuildFile; fileRef = 79EC32B2227EDAE900A7FBBD /* User.swift */; };
		79EC32B6227EDCDA00A7FBBD /* Redux.swift in Sources */ = {isa = PBXBuildFile; fileRef = 79EC32B5227EDCDA00A7FBBD /* Redux.swift */; };
		79EC32B8227F252900A7FBBD /* TableViewCell.swift in Sources */ = {isa = PBXBuildFile; fileRef = 79EC32B7227F252900A7FBBD /* TableViewCell.swift */; };
		79EC32BB227F3BE300A7FBBD /* Int.swift in Sources */ = {isa = PBXBuildFile; fileRef = 79EC32BA227F3BE200A7FBBD /* Int.swift */; };
		A529F1E03C10E7E361730ED8 /* Pods_BSDRandom.framework in Frameworks */ = {isa = PBXBuildFile; fileRef = C1361C3787CFBFC3AE6D0F66 /* Pods_BSDRandom.framework */; };
/* End PBXBuildFile section */

/* Begin PBXFileReference section */
		79294292227ECD6700193A50 /* BSDRandom.app */ = {isa = PBXFileReference; explicitFileType = wrapper.application; includeInIndex = 0; path = BSDRandom.app; sourceTree = BUILT_PRODUCTS_DIR; };
		79294295227ECD6700193A50 /* AppDelegate.swift */ = {isa = PBXFileReference; lastKnownFileType = sourcecode.swift; path = AppDelegate.swift; sourceTree = "<group>"; };
		79294297227ECD6700193A50 /* ViewController.swift */ = {isa = PBXFileReference; lastKnownFileType = sourcecode.swift; path = ViewController.swift; sourceTree = "<group>"; };
		7929429A227ECD6700193A50 /* Base */ = {isa = PBXFileReference; lastKnownFileType = file.storyboard; name = Base; path = Base.lproj/Main.storyboard; sourceTree = "<group>"; };
		7929429C227ECD6900193A50 /* Assets.xcassets */ = {isa = PBXFileReference; lastKnownFileType = folder.assetcatalog; path = Assets.xcassets; sourceTree = "<group>"; };
		7929429F227ECD6900193A50 /* Base */ = {isa = PBXFileReference; lastKnownFileType = file.storyboard; name = Base; path = Base.lproj/LaunchScreen.storyboard; sourceTree = "<group>"; };
		792942A1227ECD6900193A50 /* Info.plist */ = {isa = PBXFileReference; lastKnownFileType = text.plist.xml; path = Info.plist; sourceTree = "<group>"; };
		79EC32B2227EDAE900A7FBBD /* User.swift */ = {isa = PBXFileReference; lastKnownFileType = sourcecode.swift; path = User.swift; sourceTree = "<group>"; };
		79EC32B5227EDCDA00A7FBBD /* Redux.swift */ = {isa = PBXFileReference; lastKnownFileType = sourcecode.swift; path = Redux.swift; sourceTree = "<group>"; };
		79EC32B7227F252900A7FBBD /* TableViewCell.swift */ = {isa = PBXFileReference; lastKnownFileType = sourcecode.swift; path = TableViewCell.swift; sourceTree = "<group>"; };
		79EC32BA227F3BE200A7FBBD /* Int.swift */ = {isa = PBXFileReference; lastKnownFileType = sourcecode.swift; path = Int.swift; sourceTree = "<group>"; };
		B1F28F9E6AEB2F10C3A5A2DF /* Pods-BSDRandom.debug.xcconfig */ = {isa = PBXFileReference; includeInIndex = 1; lastKnownFileType = text.xcconfig; name = "Pods-BSDRandom.debug.xcconfig"; path = "Pods/Target Support Files/Pods-BSDRandom/Pods-BSDRandom.debug.xcconfig"; sourceTree = "<group>"; };
		C1361C3787CFBFC3AE6D0F66 /* Pods_BSDRandom.framework */ = {isa = PBXFileReference; explicitFileType = wrapper.framework; includeInIndex = 0; path = Pods_BSDRandom.framework; sourceTree = BUILT_PRODUCTS_DIR; };
		FF95BDCCA24CB30B21A86227 /* Pods-BSDRandom.release.xcconfig */ = {isa = PBXFileReference; includeInIndex = 1; lastKnownFileType = text.xcconfig; name = "Pods-BSDRandom.release.xcconfig"; path = "Pods/Target Support Files/Pods-BSDRandom/Pods-BSDRandom.release.xcconfig"; sourceTree = "<group>"; };
/* End PBXFileReference section */

/* Begin PBXFrameworksBuildPhase section */
		7929428F227ECD6700193A50 /* Frameworks */ = {
			isa = PBXFrameworksBuildPhase;
			buildActionMask = 2147483647;
			files = (
				A529F1E03C10E7E361730ED8 /* Pods_BSDRandom.framework in Frameworks */,
			);
			runOnlyForDeploymentPostprocessing = 0;
		};
/* End PBXFrameworksBuildPhase section */

/* Begin PBXGroup section */
		035BD7FA627B96DBCC108CE6 /* Pods */ = {
			isa = PBXGroup;
			children = (
				B1F28F9E6AEB2F10C3A5A2DF /* Pods-BSDRandom.debug.xcconfig */,
				FF95BDCCA24CB30B21A86227 /* Pods-BSDRandom.release.xcconfig */,
			);
			name = Pods;
			sourceTree = "<group>";
		};
		79294289227ECD6700193A50 = {
			isa = PBXGroup;
			children = (
				79294294227ECD6700193A50 /* BSDRandom */,
				79294293227ECD6700193A50 /* Products */,
				035BD7FA627B96DBCC108CE6 /* Pods */,
				E66721C7099257A08B1F4C19 /* Frameworks */,
			);
			sourceTree = "<group>";
		};
		79294293227ECD6700193A50 /* Products */ = {
			isa = PBXGroup;
			children = (
				79294292227ECD6700193A50 /* BSDRandom.app */,
			);
			name = Products;
			sourceTree = "<group>";
		};
		79294294227ECD6700193A50 /* BSDRandom */ = {
			isa = PBXGroup;
			children = (
				79EC32B9227F3BD500A7FBBD /* Extension */,
				79EC32B4227EDCD000A7FBBD /* Redux */,
				79EC32B1227EDADC00A7FBBD /* Model */,
				79294295227ECD6700193A50 /* AppDelegate.swift */,
				79294297227ECD6700193A50 /* ViewController.swift */,
				79294299227ECD6700193A50 /* Main.storyboard */,
				7929429C227ECD6900193A50 /* Assets.xcassets */,
				7929429E227ECD6900193A50 /* LaunchScreen.storyboard */,
				792942A1227ECD6900193A50 /* Info.plist */,
				79EC32B7227F252900A7FBBD /* TableViewCell.swift */,
			);
			path = BSDRandom;
			sourceTree = "<group>";
		};
		79EC32B1227EDADC00A7FBBD /* Model */ = {
			isa = PBXGroup;
			children = (
				79EC32B2227EDAE900A7FBBD /* User.swift */,
			);
			path = Model;
			sourceTree = "<group>";
		};
		79EC32B4227EDCD000A7FBBD /* Redux */ = {
			isa = PBXGroup;
			children = (
				79EC32B5227EDCDA00A7FBBD /* Redux.swift */,
			);
			path = Redux;
			sourceTree = "<group>";
		};
		79EC32B9227F3BD500A7FBBD /* Extension */ = {
			isa = PBXGroup;
			children = (
				79EC32BA227F3BE200A7FBBD /* Int.swift */,
			);
			path = Extension;
			sourceTree = "<group>";
		};
		E66721C7099257A08B1F4C19 /* Frameworks */ = {
			isa = PBXGroup;
			children = (
				C1361C3787CFBFC3AE6D0F66 /* Pods_BSDRandom.framework */,
			);
			name = Frameworks;
			sourceTree = "<group>";
		};
/* End PBXGroup section */

/* Begin PBXNativeTarget section */
		79294291227ECD6700193A50 /* BSDRandom */ = {
			isa = PBXNativeTarget;
			buildConfigurationList = 792942A4227ECD6900193A50 /* Build configuration list for PBXNativeTarget "BSDRandom" */;
			buildPhases = (
				1527775BB071093E50D78720 /* [CP] Check Pods Manifest.lock */,
				7929428E227ECD6700193A50 /* Sources */,
				7929428F227ECD6700193A50 /* Frameworks */,
				79294290227ECD6700193A50 /* Resources */,
				57ED740F06D28A1901D9D852 /* [CP] Embed Pods Frameworks */,
			);
			buildRules = (
			);
			dependencies = (
			);
			name = BSDRandom;
			productName = BSDRandom;
			productReference = 79294292227ECD6700193A50 /* BSDRandom.app */;
			productType = "com.apple.product-type.application";
		};
/* End PBXNativeTarget section */

/* Begin PBXProject section */
		7929428A227ECD6700193A50 /* Project object */ = {
			isa = PBXProject;
			attributes = {
				LastSwiftUpdateCheck = 1020;
				LastUpgradeCheck = 1020;
				ORGANIZATIONNAME = geonu;
				TargetAttributes = {
					79294291227ECD6700193A50 = {
						CreatedOnToolsVersion = 10.2.1;
					};
				};
			};
			buildConfigurationList = 7929428D227ECD6700193A50 /* Build configuration list for PBXProject "BSDRandom" */;
			compatibilityVersion = "Xcode 9.3";
			developmentRegion = en;
			hasScannedForEncodings = 0;
			knownRegions = (
				en,
				Base,
			);
			mainGroup = 79294289227ECD6700193A50;
			productRefGroup = 79294293227ECD6700193A50 /* Products */;
			projectDirPath = "";
			projectRoot = "";
			targets = (
				79294291227ECD6700193A50 /* BSDRandom */,
			);
		};
/* End PBXProject section */

/* Begin PBXResourcesBuildPhase section */
		79294290227ECD6700193A50 /* Resources */ = {
			isa = PBXResourcesBuildPhase;
			buildActionMask = 2147483647;
			files = (
				792942A0227ECD6900193A50 /* LaunchScreen.storyboard in Resources */,
				7929429D227ECD6900193A50 /* Assets.xcassets in Resources */,
				7929429B227ECD6700193A50 /* Main.storyboard in Resources */,
			);
			runOnlyForDeploymentPostprocessing = 0;
		};
/* End PBXResourcesBuildPhase section */

/* Begin PBXShellScriptBuildPhase section */
		1527775BB071093E50D78720 /* [CP] Check Pods Manifest.lock */ = {
			isa = PBXShellScriptBuildPhase;
			buildActionMask = 2147483647;
			files = (
			);
			inputFileListPaths = (
			);
			inputPaths = (
				"${PODS_PODFILE_DIR_PATH}/Podfile.lock",
				"${PODS_ROOT}/Manifest.lock",
			);
			name = "[CP] Check Pods Manifest.lock";
			outputFileListPaths = (
			);
			outputPaths = (
				"$(DERIVED_FILE_DIR)/Pods-BSDRandom-checkManifestLockResult.txt",
			);
			runOnlyForDeploymentPostprocessing = 0;
			shellPath = /bin/sh;
			shellScript = "diff \"${PODS_PODFILE_DIR_PATH}/Podfile.lock\" \"${PODS_ROOT}/Manifest.lock\" > /dev/null\nif [ $? != 0 ] ; then\n    # print error to STDERR\n    echo \"error: The sandbox is not in sync with the Podfile.lock. Run 'pod install' or update your CocoaPods installation.\" >&2\n    exit 1\nfi\n# This output is used by Xcode 'outputs' to avoid re-running this script phase.\necho \"SUCCESS\" > \"${SCRIPT_OUTPUT_FILE_0}\"\n";
			showEnvVarsInLog = 0;
		};
		57ED740F06D28A1901D9D852 /* [CP] Embed Pods Frameworks */ = {
			isa = PBXShellScriptBuildPhase;
			buildActionMask = 2147483647;
			files = (
			);
			inputFileListPaths = (
			);
			inputPaths = (
				"${SRCROOT}/Pods/Target Support Files/Pods-BSDRandom/Pods-BSDRandom-frameworks.sh",
				"${BUILT_PRODUCTS_DIR}/ReSwift/ReSwift.framework",
				"${BUILT_PRODUCTS_DIR}/Realm/Realm.framework",
				"${BUILT_PRODUCTS_DIR}/RealmSwift/RealmSwift.framework",
				"${BUILT_PRODUCTS_DIR}/RxCocoa/RxCocoa.framework",
				"${BUILT_PRODUCTS_DIR}/RxSwift/RxSwift.framework",
			);
			name = "[CP] Embed Pods Frameworks";
			outputFileListPaths = (
			);
			outputPaths = (
				"${TARGET_BUILD_DIR}/${FRAMEWORKS_FOLDER_PATH}/ReSwift.framework",
				"${TARGET_BUILD_DIR}/${FRAMEWORKS_FOLDER_PATH}/Realm.framework",
				"${TARGET_BUILD_DIR}/${FRAMEWORKS_FOLDER_PATH}/RealmSwift.framework",
				"${TARGET_BUILD_DIR}/${FRAMEWORKS_FOLDER_PATH}/RxCocoa.framework",
				"${TARGET_BUILD_DIR}/${FRAMEWORKS_FOLDER_PATH}/RxSwift.framework",
			);
			runOnlyForDeploymentPostprocessing = 0;
			shellPath = /bin/sh;
			shellScript = "\"${SRCROOT}/Pods/Target Support Files/Pods-BSDRandom/Pods-BSDRandom-frameworks.sh\"\n";
			showEnvVarsInLog = 0;
		};
/* End PBXShellScriptBuildPhase section */

/* Begin PBXSourcesBuildPhase section */
		7929428E227ECD6700193A50 /* Sources */ = {
			isa = PBXSourcesBuildPhase;
			buildActionMask = 2147483647;
			files = (
				79EC32B8227F252900A7FBBD /* TableViewCell.swift in Sources */,
				79294298227ECD6700193A50 /* ViewController.swift in Sources */,
				79294296227ECD6700193A50 /* AppDelegate.swift in Sources */,
				79EC32BB227F3BE300A7FBBD /* Int.swift in Sources */,
				79EC32B6227EDCDA00A7FBBD /* Redux.swift in Sources */,
				79EC32B3227EDAE900A7FBBD /* User.swift in Sources */,
			);
			runOnlyForDeploymentPostprocessing = 0;
		};
/* End PBXSourcesBuildPhase section */

/* Begin PBXVariantGroup section */
		79294299227ECD6700193A50 /* Main.storyboard */ = {
			isa = PBXVariantGroup;
			children = (
				7929429A227ECD6700193A50 /* Base */,
			);
			name = Main.storyboard;
			sourceTree = "<group>";
		};
		7929429E227ECD6900193A50 /* LaunchScreen.storyboard */ = {
			isa = PBXVariantGroup;
			children = (
				7929429F227ECD6900193A50 /* Base */,
			);
			name = LaunchScreen.storyboard;
			sourceTree = "<group>";
		};
/* End PBXVariantGroup section */

/* Begin XCBuildConfiguration section */
		792942A2227ECD6900193A50 /* Debug */ = {
			isa = XCBuildConfiguration;
			buildSettings = {
				ALWAYS_SEARCH_USER_PATHS = NO;
				CLANG_ANALYZER_NONNULL = YES;
				CLANG_ANALYZER_NUMBER_OBJECT_CONVERSION = YES_AGGRESSIVE;
				CLANG_CXX_LANGUAGE_STANDARD = "gnu++14";
				CLANG_CXX_LIBRARY = "libc++";
				CLANG_ENABLE_MODULES = YES;
				CLANG_ENABLE_OBJC_ARC = YES;
				CLANG_ENABLE_OBJC_WEAK = YES;
				CLANG_WARN_BLOCK_CAPTURE_AUTORELEASING = YES;
				CLANG_WARN_BOOL_CONVERSION = YES;
				CLANG_WARN_COMMA = YES;
				CLANG_WARN_CONSTANT_CONVERSION = YES;
				CLANG_WARN_DEPRECATED_OBJC_IMPLEMENTATIONS = YES;
				CLANG_WARN_DIRECT_OBJC_ISA_USAGE = YES_ERROR;
				CLANG_WARN_DOCUMENTATION_COMMENTS = YES;
				CLANG_WARN_EMPTY_BODY = YES;
				CLANG_WARN_ENUM_CONVERSION = YES;
				CLANG_WARN_INFINITE_RECURSION = YES;
				CLANG_WARN_INT_CONVERSION = YES;
				CLANG_WARN_NON_LITERAL_NULL_CONVERSION = YES;
				CLANG_WARN_OBJC_IMPLICIT_RETAIN_SELF = YES;
				CLANG_WARN_OBJC_LITERAL_CONVERSION = YES;
				CLANG_WARN_OBJC_ROOT_CLASS = YES_ERROR;
				CLANG_WARN_RANGE_LOOP_ANALYSIS = YES;
				CLANG_WARN_STRICT_PROTOTYPES = YES;
				CLANG_WARN_SUSPICIOUS_MOVE = YES;
				CLANG_WARN_UNGUARDED_AVAILABILITY = YES_AGGRESSIVE;
				CLANG_WARN_UNREACHABLE_CODE = YES;
				CLANG_WARN__DUPLICATE_METHOD_MATCH = YES;
				CODE_SIGN_IDENTITY = "iPhone Developer";
				COPY_PHASE_STRIP = NO;
				DEBUG_INFORMATION_FORMAT = dwarf;
				ENABLE_STRICT_OBJC_MSGSEND = YES;
				ENABLE_TESTABILITY = YES;
				GCC_C_LANGUAGE_STANDARD = gnu11;
				GCC_DYNAMIC_NO_PIC = NO;
				GCC_NO_COMMON_BLOCKS = YES;
				GCC_OPTIMIZATION_LEVEL = 0;
				GCC_PREPROCESSOR_DEFINITIONS = (
					"DEBUG=1",
					"$(inherited)",
				);
				GCC_WARN_64_TO_32_BIT_CONVERSION = YES;
				GCC_WARN_ABOUT_RETURN_TYPE = YES_ERROR;
				GCC_WARN_UNDECLARED_SELECTOR = YES;
				GCC_WARN_UNINITIALIZED_AUTOS = YES_AGGRESSIVE;
				GCC_WARN_UNUSED_FUNCTION = YES;
				GCC_WARN_UNUSED_VARIABLE = YES;
				IPHONEOS_DEPLOYMENT_TARGET = 12.2;
				MTL_ENABLE_DEBUG_INFO = INCLUDE_SOURCE;
				MTL_FAST_MATH = YES;
				ONLY_ACTIVE_ARCH = YES;
				SDKROOT = iphoneos;
				SWIFT_ACTIVE_COMPILATION_CONDITIONS = DEBUG;
				SWIFT_OPTIMIZATION_LEVEL = "-Onone";
			};
			name = Debug;
		};
		792942A3227ECD6900193A50 /* Release */ = {
			isa = XCBuildConfiguration;
			buildSettings = {
				ALWAYS_SEARCH_USER_PATHS = NO;
				CLANG_ANALYZER_NONNULL = YES;
				CLANG_ANALYZER_NUMBER_OBJECT_CONVERSION = YES_AGGRESSIVE;
				CLANG_CXX_LANGUAGE_STANDARD = "gnu++14";
				CLANG_CXX_LIBRARY = "libc++";
				CLANG_ENABLE_MODULES = YES;
				CLANG_ENABLE_OBJC_ARC = YES;
				CLANG_ENABLE_OBJC_WEAK = YES;
				CLANG_WARN_BLOCK_CAPTURE_AUTORELEASING = YES;
				CLANG_WARN_BOOL_CONVERSION = YES;
				CLANG_WARN_COMMA = YES;
				CLANG_WARN_CONSTANT_CONVERSION = YES;
				CLANG_WARN_DEPRECATED_OBJC_IMPLEMENTATIONS = YES;
				CLANG_WARN_DIRECT_OBJC_ISA_USAGE = YES_ERROR;
				CLANG_WARN_DOCUMENTATION_COMMENTS = YES;
				CLANG_WARN_EMPTY_BODY = YES;
				CLANG_WARN_ENUM_CONVERSION = YES;
				CLANG_WARN_INFINITE_RECURSION = YES;
				CLANG_WARN_INT_CONVERSION = YES;
				CLANG_WARN_NON_LITERAL_NULL_CONVERSION = YES;
				CLANG_WARN_OBJC_IMPLICIT_RETAIN_SELF = YES;
				CLANG_WARN_OBJC_LITERAL_CONVERSION = YES;
				CLANG_WARN_OBJC_ROOT_CLASS = YES_ERROR;
				CLANG_WARN_RANGE_LOOP_ANALYSIS = YES;
				CLANG_WARN_STRICT_PROTOTYPES = YES;
				CLANG_WARN_SUSPICIOUS_MOVE = YES;
				CLANG_WARN_UNGUARDED_AVAILABILITY = YES_AGGRESSIVE;
				CLANG_WARN_UNREACHABLE_CODE = YES;
				CLANG_WARN__DUPLICATE_METHOD_MATCH = YES;
				CODE_SIGN_IDENTITY = "iPhone Developer";
				COPY_PHASE_STRIP = NO;
				DEBUG_INFORMATION_FORMAT = "dwarf-with-dsym";
				ENABLE_NS_ASSERTIONS = NO;
				ENABLE_STRICT_OBJC_MSGSEND = YES;
				GCC_C_LANGUAGE_STANDARD = gnu11;
				GCC_NO_COMMON_BLOCKS = YES;
				GCC_WARN_64_TO_32_BIT_CONVERSION = YES;
				GCC_WARN_ABOUT_RETURN_TYPE = YES_ERROR;
				GCC_WARN_UNDECLARED_SELECTOR = YES;
				GCC_WARN_UNINITIALIZED_AUTOS = YES_AGGRESSIVE;
				GCC_WARN_UNUSED_FUNCTION = YES;
				GCC_WARN_UNUSED_VARIABLE = YES;
				IPHONEOS_DEPLOYMENT_TARGET = 12.2;
				MTL_ENABLE_DEBUG_INFO = NO;
				MTL_FAST_MATH = YES;
				SDKROOT = iphoneos;
				SWIFT_COMPILATION_MODE = wholemodule;
				SWIFT_OPTIMIZATION_LEVEL = "-O";
				VALIDATE_PRODUCT = YES;
			};
			name = Release;
		};
		792942A5227ECD6900193A50 /* Debug */ = {
			isa = XCBuildConfiguration;
			baseConfigurationReference = B1F28F9E6AEB2F10C3A5A2DF /* Pods-BSDRandom.debug.xcconfig */;
			buildSettings = {
				ASSETCATALOG_COMPILER_APPICON_NAME = AppIcon;
				CODE_SIGN_STYLE = Automatic;
				DEVELOPMENT_TEAM = 7KK3FT686N;
				INFOPLIST_FILE = BSDRandom/Info.plist;
				LD_RUNPATH_SEARCH_PATHS = (
					"$(inherited)",
					"@executable_path/Frameworks",
				);
				PRODUCT_BUNDLE_IDENTIFIER = kr.pe.geonu.BSDRandom;
				PRODUCT_NAME = "$(TARGET_NAME)";
				SWIFT_VERSION = 5.0;
				TARGETED_DEVICE_FAMILY = "1,2";
			};
			name = Debug;
		};
		792942A6227ECD6900193A50 /* Release */ = {
			isa = XCBuildConfiguration;
			baseConfigurationReference = FF95BDCCA24CB30B21A86227 /* Pods-BSDRandom.release.xcconfig */;
			buildSettings = {
				ASSETCATALOG_COMPILER_APPICON_NAME = AppIcon;
				CODE_SIGN_STYLE = Automatic;
				DEVELOPMENT_TEAM = 7KK3FT686N;
				INFOPLIST_FILE = BSDRandom/Info.plist;
				LD_RUNPATH_SEARCH_PATHS = (
					"$(inherited)",
					"@executable_path/Frameworks",
				);
				PRODUCT_BUNDLE_IDENTIFIER = kr.pe.geonu.BSDRandom;
				PRODUCT_NAME = "$(TARGET_NAME)";
				SWIFT_VERSION = 5.0;
				TARGETED_DEVICE_FAMILY = "1,2";
			};
			name = Release;
		};
/* End XCBuildConfiguration section */

/* Begin XCConfigurationList section */
		7929428D227ECD6700193A50 /* Build configuration list for PBXProject "BSDRandom" */ = {
			isa = XCConfigurationList;
			buildConfigurations = (
				792942A2227ECD6900193A50 /* Debug */,
				792942A3227ECD6900193A50 /* Release */,
			);
			defaultConfigurationIsVisible = 0;
			defaultConfigurationName = Release;
		};
		792942A4227ECD6900193A50 /* Build configuration list for PBXNativeTarget "BSDRandom" */ = {
			isa = XCConfigurationList;
			buildConfigurations = (
				792942A5227ECD6900193A50 /* Debug */,
				792942A6227ECD6900193A50 /* Release */,
			);
			defaultConfigurationIsVisible = 0;
			defaultConfigurationName = Release;
		};
/* End XCConfigurationList section */
	};
	rootObject = 7929428A227ECD6700193A50 /* Project object */;
}
